
Microsoft Visual Studio Solution File, Format Version 12.00
# Visual Studio Version 16
VisualStudioVersion = 16.0.30711.63
MinimumVisualStudioVersion = 10.0.40219.1
Project("{FAE04EC0-301F-11D3-BF4B-00C04F79EFBC}") = "MasivianRoulette", "MasivianRoulette\MasivianRoulette.csproj", "{08A72DC6-8AF2-4A24-983D-0E6A3FA1F96D}"
EndProject
Global
	GlobalSection(SolutionConfigurationPlatforms) = preSolution
		Debug|Any CPU = Debug|Any CPU
		Release|Any CPU = Release|Any CPU
	EndGlobalSection
	GlobalSection(ProjectConfigurationPlatforms) = postSolution
		{08A72DC6-8AF2-4A24-983D-0E6A3FA1F96D}.Debug|Any CPU.ActiveCfg = Debug|Any CPU
		{08A72DC6-8AF2-4A24-983D-0E6A3FA1F96D}.Debug|Any CPU.Build.0 = Debug|Any CPU
		{08A72DC6-8AF2-4A24-983D-0E6A3FA1F96D}.Release|Any CPU.ActiveCfg = Release|Any CPU
		{08A72DC6-8AF2-4A24-983D-0E6A3FA1F96D}.Release|Any CPU.Build.0 = Release|Any CPU
	EndGlobalSection
	GlobalSection(SolutionProperties) = preSolution
		HideSolutionNode = FALSE
	EndGlobalSection
	GlobalSection(ExtensibilityGlobals) = postSolution
		SolutionGuid = {B01E96B7-6E22-4125-967B-95294F8AA665}
	EndGlobalSection
EndGlobal
